// !$*UTF8*$!
{
	archiveVersion = 1;
	classes = {
	};
	objectVersion = 77;
	objects = {

/* Begin PBXContainerItemProxy section */
		4E2DA7DF2DAC65EE007A6024 /* PBXContainerItemProxy */ = {
			isa = PBXContainerItemProxy;
			containerPortal = 4E2DA7C62DAC65EC007A6024 /* Project object */;
			proxyType = 1;
			remoteGlobalIDString = 4E2DA7CD2DAC65EC007A6024;
			remoteInfo = LineCam;
		};
		4E2DA7E92DAC65EE007A6024 /* PBXContainerItemProxy */ = {
			isa = PBXContainerItemProxy;
			containerPortal = 4E2DA7C62DAC65EC007A6024 /* Project object */;
			proxyType = 1;
			remoteGlobalIDString = 4E2DA7CD2DAC65EC007A6024;
			remoteInfo = LineCam;
		};
/* End PBXContainerItemProxy section */

/* Begin PBXFileReference section */
		4E2DA7CE2DAC65EC007A6024 /* LineCam.app */ = {isa = PBXFileReference; explicitFileType = wrapper.application; includeInIndex = 0; path = LineCam.app; sourceTree = BUILT_PRODUCTS_DIR; };
		4E2DA7DE2DAC65EE007A6024 /* LineCamTests.xctest */ = {isa = PBXFileReference; explicitFileType = wrapper.cfbundle; includeInIndex = 0; path = LineCamTests.xctest; sourceTree = BUILT_PRODUCTS_DIR; };
		4E2DA7E82DAC65EE007A6024 /* LineCamUITests.xctest */ = {isa = PBXFileReference; explicitFileType = wrapper.cfbundle; includeInIndex = 0; path = LineCamUITests.xctest; sourceTree = BUILT_PRODUCTS_DIR; };
/* End PBXFileReference section */

/* Begin PBXFileSystemSynchronizedRootGroup section */
		4E2DA7D02DAC65EC007A6024 /* LineCam */ = {
			isa = PBXFileSystemSynchronizedRootGroup;
			path = LineCam;
			sourceTree = "<group>";
		};
		4E2DA7E12DAC65EE007A6024 /* LineCamTests */ = {
			isa = PBXFileSystemSynchronizedRootGroup;
			path = LineCamTests;
			sourceTree = "<group>";
		};
		4E2DA7EB2DAC65EE007A6024 /* LineCamUITests */ = {
			isa = PBXFileSystemSynchronizedRootGroup;
			path = LineCamUITests;
			sourceTree = "<group>";
		};
/* End PBXFileSystemSynchronizedRootGroup section */

/* Begin PBXFrameworksBuildPhase section */
		4E2DA7CB2DAC65EC007A6024 /* Frameworks */ = {
			isa = PBXFrameworksBuildPhase;
			buildActionMask = 2147483647;
			files = (
			);
			runOnlyForDeploymentPostprocessing = 0;
		};
		4E2DA7DB2DAC65EE007A6024 /* Frameworks */ = {
			isa = PBXFrameworksBuildPhase;
			buildActionMask = 2147483647;
			files = (
			);
			runOnlyForDeploymentPostprocessing = 0;
		};
		4E2DA7E52DAC65EE007A6024 /* Frameworks */ = {
			isa = PBXFrameworksBuildPhase;
			buildActionMask = 2147483647;
			files = (
			);
			runOnlyForDeploymentPostprocessing = 0;
		};
/* End PBXFrameworksBuildPhase section */

/* Begin PBXGroup section */
		4E2DA7C52DAC65EC007A6024 = {
			isa = PBXGroup;
			children = (
				4E2DA7D02DAC65EC007A6024 /* LineCam */,
				4E2DA7E12DAC65EE007A6024 /* LineCamTests */,
				4E2DA7EB2DAC65EE007A6024 /* LineCamUITests */,
				4E2DA7CF2DAC65EC007A6024 /* Products */,
			);
			sourceTree = "<group>";
		};
		4E2DA7CF2DAC65EC007A6024 /* Products */ = {
			isa = PBXGroup;
			children = (
				4E2DA7CE2DAC65EC007A6024 /* LineCam.app */,
				4E2DA7DE2DAC65EE007A6024 /* LineCamTests.xctest */,
				4E2DA7E82DAC65EE007A6024 /* LineCamUITests.xctest */,
			);
			name = Products;
			sourceTree = "<group>";
		};
/* End PBXGroup section */

/* Begin PBXNativeTarget section */
		4E2DA7CD2DAC65EC007A6024 /* LineCam */ = {
			isa = PBXNativeTarget;
			buildConfigurationList = 4E2DA7F22DAC65EE007A6024 /* Build configuration list for PBXNativeTarget "LineCam" */;
			buildPhases = (
				4E2DA7CA2DAC65EC007A6024 /* Sources */,
				4E2DA7CB2DAC65EC007A6024 /* Frameworks */,
				4E2DA7CC2DAC65EC007A6024 /* Resources */,
			);
			buildRules = (
			);
			dependencies = (
			);
			fileSystemSynchronizedGroups = (
				4E2DA7D02DAC65EC007A6024 /* LineCam */,
			);
			name = LineCam;
			packageProductDependencies = (
			);
			productName = LineCam;
			productReference = 4E2DA7CE2DAC65EC007A6024 /* LineCam.app */;
			productType = "com.apple.product-type.application";
		};
		4E2DA7DD2DAC65EE007A6024 /* LineCamTests */ = {
			isa = PBXNativeTarget;
			buildConfigurationList = 4E2DA7F52DAC65EE007A6024 /* Build configuration list for PBXNativeTarget "LineCamTests" */;
			buildPhases = (
				4E2DA7DA2DAC65EE007A6024 /* Sources */,
				4E2DA7DB2DAC65EE007A6024 /* Frameworks */,
				4E2DA7DC2DAC65EE007A6024 /* Resources */,
			);
			buildRules = (
			);
			dependencies = (
				4E2DA7E02DAC65EE007A6024 /* PBXTargetDependency */,
			);
			fileSystemSynchronizedGroups = (
				4E2DA7E12DAC65EE007A6024 /* LineCamTests */,
			);
			name = LineCamTests;
			packageProductDependencies = (
			);
			productName = LineCamTests;
			productReference = 4E2DA7DE2DAC65EE007A6024 /* LineCamTests.xctest */;
			productType = "com.apple.product-type.bundle.unit-test";
		};
		4E2DA7E72DAC65EE007A6024 /* LineCamUITests */ = {
			isa = PBXNativeTarget;
			buildConfigurationList = 4E2DA7F82DAC65EE007A6024 /* Build configuration list for PBXNativeTarget "LineCamUITests" */;
			buildPhases = (
				4E2DA7E42DAC65EE007A6024 /* Sources */,
				4E2DA7E52DAC65EE007A6024 /* Frameworks */,
				4E2DA7E62DAC65EE007A6024 /* Resources */,
			);
			buildRules = (
			);
			dependencies = (
				4E2DA7EA2DAC65EE007A6024 /* PBXTargetDependency */,
			);
			fileSystemSynchronizedGroups = (
				4E2DA7EB2DAC65EE007A6024 /* LineCamUITests */,
			);
			name = LineCamUITests;
			packageProductDependencies = (
			);
			productName = LineCamUITests;
			productReference = 4E2DA7E82DAC65EE007A6024 /* LineCamUITests.xctest */;
			productType = "com.apple.product-type.bundle.ui-testing";
		};
/* End PBXNativeTarget section */

/* Begin PBXProject section */
		4E2DA7C62DAC65EC007A6024 /* Project object */ = {
			isa = PBXProject;
			attributes = {
				BuildIndependentTargetsInParallel = 1;
				LastSwiftUpdateCheck = 1600;
				LastUpgradeCheck = 1600;
				TargetAttributes = {
					4E2DA7CD2DAC65EC007A6024 = {
						CreatedOnToolsVersion = 16.0;
					};
					4E2DA7DD2DAC65EE007A6024 = {
						CreatedOnToolsVersion = 16.0;
						TestTargetID = 4E2DA7CD2DAC65EC007A6024;
					};
					4E2DA7E72DAC65EE007A6024 = {
						CreatedOnToolsVersion = 16.0;
						TestTargetID = 4E2DA7CD2DAC65EC007A6024;
					};
				};
			};
			buildConfigurationList = 4E2DA7C92DAC65EC007A6024 /* Build configuration list for PBXProject "LineCam" */;
			developmentRegion = en;
			hasScannedForEncodings = 0;
			knownRegions = (
				en,
				Base,
			);
			mainGroup = 4E2DA7C52DAC65EC007A6024;
			minimizedProjectReferenceProxies = 1;
			preferredProjectObjectVersion = 77;
			productRefGroup = 4E2DA7CF2DAC65EC007A6024 /* Products */;
			projectDirPath = "";
			projectRoot = "";
			targets = (
				4E2DA7CD2DAC65EC007A6024 /* LineCam */,
				4E2DA7DD2DAC65EE007A6024 /* LineCamTests */,
				4E2DA7E72DAC65EE007A6024 /* LineCamUITests */,
			);
		};
/* End PBXProject section */

/* Begin PBXResourcesBuildPhase section */
		4E2DA7CC2DAC65EC007A6024 /* Resources */ = {
			isa = PBXResourcesBuildPhase;
			buildActionMask = 2147483647;
			files = (
			);
			runOnlyForDeploymentPostprocessing = 0;
		};
		4E2DA7DC2DAC65EE007A6024 /* Resources */ = {
			isa = PBXResourcesBuildPhase;
			buildActionMask = 2147483647;
			files = (
			);
			runOnlyForDeploymentPostprocessing = 0;
		};
		4E2DA7E62DAC65EE007A6024 /* Resources */ = {
			isa = PBXResourcesBuildPhase;
			buildActionMask = 2147483647;
			files = (
			);
			runOnlyForDeploymentPostprocessing = 0;
		};
/* End PBXResourcesBuildPhase section */

/* Begin PBXSourcesBuildPhase section */
		4E2DA7CA2DAC65EC007A6024 /* Sources */ = {
			isa = PBXSourcesBuildPhase;
			buildActionMask = 2147483647;
			files = (
			);
			runOnlyForDeploymentPostprocessing = 0;
		};
		4E2DA7DA2DAC65EE007A6024 /* Sources */ = {
			isa = PBXSourcesBuildPhase;
			buildActionMask = 2147483647;
			files = (
			);
			runOnlyForDeploymentPostprocessing = 0;
		};
		4E2DA7E42DAC65EE007A6024 /* Sources */ = {
			isa = PBXSourcesBuildPhase;
			buildActionMask = 2147483647;
			files = (
			);
			runOnlyForDeploymentPostprocessing = 0;
		};
/* End PBXSourcesBuildPhase section */

/* Begin PBXTargetDependency section */
		4E2DA7E02DAC65EE007A6024 /* PBXTargetDependency */ = {
			isa = PBXTargetDependency;
			target = 4E2DA7CD2DAC65EC007A6024 /* LineCam */;
			targetProxy = 4E2DA7DF2DAC65EE007A6024 /* PBXContainerItemProxy */;
		};
		4E2DA7EA2DAC65EE007A6024 /* PBXTargetDependency */ = {
			isa = PBXTargetDependency;
			target = 4E2DA7CD2DAC65EC007A6024 /* LineCam */;
			targetProxy = 4E2DA7E92DAC65EE007A6024 /* PBXContainerItemProxy */;
		};
/* End PBXTargetDependency section */

/* Begin XCBuildConfiguration section */
		4E2DA7F02DAC65EE007A6024 /* Debug */ = {
			isa = XCBuildConfiguration;
			buildSettings = {
				ALWAYS_SEARCH_USER_PATHS = NO;
				ASSETCATALOG_COMPILER_GENERATE_SWIFT_ASSET_SYMBOL_EXTENSIONS = YES;
				CLANG_ANALYZER_NONNULL = YES;
				CLANG_ANALYZER_NUMBER_OBJECT_CONVERSION = YES_AGGRESSIVE;
				CLANG_CXX_LANGUAGE_STANDARD = "gnu++20";
				CLANG_ENABLE_MODULES = YES;
				CLANG_ENABLE_OBJC_ARC = YES;
				CLANG_ENABLE_OBJC_WEAK = YES;
				CLANG_WARN_BLOCK_CAPTURE_AUTORELEASING = YES;
				CLANG_WARN_BOOL_CONVERSION = YES;
				CLANG_WARN_COMMA = YES;
				CLANG_WARN_CONSTANT_CONVERSION = YES;
				CLANG_WARN_DEPRECATED_OBJC_IMPLEMENTATIONS = YES;
				CLANG_WARN_DIRECT_OBJC_ISA_USAGE = YES_ERROR;
				CLANG_WARN_DOCUMENTATION_COMMENTS = YES;
				CLANG_WARN_EMPTY_BODY = YES;
				CLANG_WARN_ENUM_CONVERSION = YES;
				CLANG_WARN_INFINITE_RECURSION = YES;
				CLANG_WARN_INT_CONVERSION = YES;
				CLANG_WARN_NON_LITERAL_NULL_CONVERSION = YES;
				CLANG_WARN_OBJC_IMPLICIT_RETAIN_SELF = YES;
				CLANG_WARN_OBJC_LITERAL_CONVERSION = YES;
				CLANG_WARN_OBJC_ROOT_CLASS = YES_ERROR;
				CLANG_WARN_QUOTED_INCLUDE_IN_FRAMEWORK_HEADER = YES;
				CLANG_WARN_RANGE_LOOP_ANALYSIS = YES;
				CLANG_WARN_STRICT_PROTOTYPES = YES;
				CLANG_WARN_SUSPICIOUS_MOVE = YES;
				CLANG_WARN_UNGUARDED_AVAILABILITY = YES_AGGRESSIVE;
				CLANG_WARN_UNREACHABLE_CODE = YES;
				CLANG_WARN__DUPLICATE_METHOD_MATCH = YES;
				COPY_PHASE_STRIP = NO;
				DEBUG_INFORMATION_FORMAT = dwarf;
				ENABLE_STRICT_OBJC_MSGSEND = YES;
				ENABLE_TESTABILITY = YES;
				ENABLE_USER_SCRIPT_SANDBOXING = YES;
				GCC_C_LANGUAGE_STANDARD = gnu17;
				GCC_DYNAMIC_NO_PIC = NO;
				GCC_NO_COMMON_BLOCKS = YES;
				GCC_OPTIMIZATION_LEVEL = 0;
				GCC_PREPROCESSOR_DEFINITIONS = (
					"DEBUG=1",
					"$(inherited)",
				);
				GCC_WARN_64_TO_32_BIT_CONVERSION = YES;
				GCC_WARN_ABOUT_RETURN_TYPE = YES_ERROR;
				GCC_WARN_UNDECLARED_SELECTOR = YES;
				GCC_WARN_UNINITIALIZED_AUTOS = YES_AGGRESSIVE;
				GCC_WARN_UNUSED_FUNCTION = YES;
				GCC_WARN_UNUSED_VARIABLE = YES;
				IPHONEOS_DEPLOYMENT_TARGET = 18.0;
				LOCALIZATION_PREFERS_STRING_CATALOGS = YES;
				MTL_ENABLE_DEBUG_INFO = INCLUDE_SOURCE;
				MTL_FAST_MATH = YES;
				ONLY_ACTIVE_ARCH = YES;
				SDKROOT = iphoneos;
				SWIFT_ACTIVE_COMPILATION_CONDITIONS = "DEBUG $(inherited)";
				SWIFT_OPTIMIZATION_LEVEL = "-Onone";
			};
			name = Debug;
		};
		4E2DA7F12DAC65EE007A6024 /* Release */ = {
			isa = XCBuildConfiguration;
			buildSettings = {
				ALWAYS_SEARCH_USER_PATHS = NO;
				ASSETCATALOG_COMPILER_GENERATE_SWIFT_ASSET_SYMBOL_EXTENSIONS = YES;
				CLANG_ANALYZER_NONNULL = YES;
				CLANG_ANALYZER_NUMBER_OBJECT_CONVERSION = YES_AGGRESSIVE;
				CLANG_CXX_LANGUAGE_STANDARD = "gnu++20";
				CLANG_ENABLE_MODULES = YES;
				CLANG_ENABLE_OBJC_ARC = YES;
				CLANG_ENABLE_OBJC_WEAK = YES;
				CLANG_WARN_BLOCK_CAPTURE_AUTORELEASING = YES;
				CLANG_WARN_BOOL_CONVERSION = YES;
				CLANG_WARN_COMMA = YES;
				CLANG_WARN_CONSTANT_CONVERSION = YES;
				CLANG_WARN_DEPRECATED_OBJC_IMPLEMENTATIONS = YES;
				CLANG_WARN_DIRECT_OBJC_ISA_USAGE = YES_ERROR;
				CLANG_WARN_DOCUMENTATION_COMMENTS = YES;
				CLANG_WARN_EMPTY_BODY = YES;
				CLANG_WARN_ENUM_CONVERSION = YES;
				CLANG_WARN_INFINITE_RECURSION = YES;
				CLANG_WARN_INT_CONVERSION = YES;
				CLANG_WARN_NON_LITERAL_NULL_CONVERSION = YES;
				CLANG_WARN_OBJC_IMPLICIT_RETAIN_SELF = YES;
				CLANG_WARN_OBJC_LITERAL_CONVERSION = YES;
				CLANG_WARN_OBJC_ROOT_CLASS = YES_ERROR;
				CLANG_WARN_QUOTED_INCLUDE_IN_FRAMEWORK_HEADER = YES;
				CLANG_WARN_RANGE_LOOP_ANALYSIS = YES;
				CLANG_WARN_STRICT_PROTOTYPES = YES;
				CLANG_WARN_SUSPICIOUS_MOVE = YES;
				CLANG_WARN_UNGUARDED_AVAILABILITY = YES_AGGRESSIVE;
				CLANG_WARN_UNREACHABLE_CODE = YES;
				CLANG_WARN__DUPLICATE_METHOD_MATCH = YES;
				COPY_PHASE_STRIP = NO;
				DEBUG_INFORMATION_FORMAT = "dwarf-with-dsym";
				ENABLE_NS_ASSERTIONS = NO;
				ENABLE_STRICT_OBJC_MSGSEND = YES;
				ENABLE_USER_SCRIPT_SANDBOXING = YES;
				GCC_C_LANGUAGE_STANDARD = gnu17;
				GCC_NO_COMMON_BLOCKS = YES;
				GCC_WARN_64_TO_32_BIT_CONVERSION = YES;
				GCC_WARN_ABOUT_RETURN_TYPE = YES_ERROR;
				GCC_WARN_UNDECLARED_SELECTOR = YES;
				GCC_WARN_UNINITIALIZED_AUTOS = YES_AGGRESSIVE;
				GCC_WARN_UNUSED_FUNCTION = YES;
				GCC_WARN_UNUSED_VARIABLE = YES;
				IPHONEOS_DEPLOYMENT_TARGET = 18.0;
				LOCALIZATION_PREFERS_STRING_CATALOGS = YES;
				MTL_ENABLE_DEBUG_INFO = NO;
				MTL_FAST_MATH = YES;
				SDKROOT = iphoneos;
				SWIFT_COMPILATION_MODE = wholemodule;
				VALIDATE_PRODUCT = YES;
			};
			name = Release;
		};
		4E2DA7F32DAC65EE007A6024 /* Debug */ = {
			isa = XCBuildConfiguration;
			buildSettings = {
				ASSETCATALOG_COMPILER_APPICON_NAME = AppIcon;
				ASSETCATALOG_COMPILER_GLOBAL_ACCENT_COLOR_NAME = AccentColor;
				CODE_SIGN_STYLE = Automatic;
				CURRENT_PROJECT_VERSION = 1;
				DEVELOPMENT_ASSET_PATHS = "\"LineCam/Preview Content\"";
				DEVELOPMENT_TEAM = 6R789KR4Q2;
				ENABLE_PREVIEWS = YES;
				GENERATE_INFOPLIST_FILE = YES;
				INFOPLIST_KEY_UIApplicationSceneManifest_Generation = YES;
				INFOPLIST_KEY_UIApplicationSupportsIndirectInputEvents = YES;
				INFOPLIST_KEY_UILaunchScreen_Generation = YES;
				INFOPLIST_KEY_UISupportedInterfaceOrientations_iPad = "UIInterfaceOrientationPortrait UIInterfaceOrientationPortraitUpsideDown UIInterfaceOrientationLandscapeLeft UIInterfaceOrientationLandscapeRight";
				INFOPLIST_KEY_UISupportedInterfaceOrientations_iPhone = "UIInterfaceOrientationPortrait UIInterfaceOrientationLandscapeLeft UIInterfaceOrientationLandscapeRight";
				LD_RUNPATH_SEARCH_PATHS = (
					"$(inherited)",
					"@executable_path/Frameworks",
				);
				MARKETING_VERSION = 1.0;
				PRODUCT_BUNDLE_IDENTIFIER = LineCam.LineCam;
				PRODUCT_NAME = "$(TARGET_NAME)";
				SWIFT_EMIT_LOC_STRINGS = YES;
				SWIFT_VERSION = 5.0;
				TARGETED_DEVICE_FAMILY = "1,2";
			};
			name = Debug;
		};
		4E2DA7F42DAC65EE007A6024 /* Release */ = {
			isa = XCBuildConfiguration;
			buildSettings = {
				ASSETCATALOG_COMPILER_APPICON_NAME = AppIcon;
				ASSETCATALOG_COMPILER_GLOBAL_ACCENT_COLOR_NAME = AccentColor;
				CODE_SIGN_STYLE = Automatic;
				CURRENT_PROJECT_VERSION = 1;
				DEVELOPMENT_ASSET_PATHS = "\"LineCam/Preview Content\"";
				DEVELOPMENT_TEAM = 6R789KR4Q2;
				ENABLE_PREVIEWS = YES;
				GENERATE_INFOPLIST_FILE = YES;
				INFOPLIST_KEY_UIApplicationSceneManifest_Generation = YES;
				INFOPLIST_KEY_UIApplicationSupportsIndirectInputEvents = YES;
				INFOPLIST_KEY_UILaunchScreen_Generation = YES;
				INFOPLIST_KEY_UISupportedInterfaceOrientations_iPad = "UIInterfaceOrientationPortrait UIInterfaceOrientationPortraitUpsideDown UIInterfaceOrientationLandscapeLeft UIInterfaceOrientationLandscapeRight";
				INFOPLIST_KEY_UISupportedInterfaceOrientations_iPhone = "UIInterfaceOrientationPortrait UIInterfaceOrientationLandscapeLeft UIInterfaceOrientationLandscapeRight";
				LD_RUNPATH_SEARCH_PATHS = (
					"$(inherited)",
					"@executable_path/Frameworks",
				);
				MARKETING_VERSION = 1.0;
				PRODUCT_BUNDLE_IDENTIFIER = LineCam.LineCam;
				PRODUCT_NAME = "$(TARGET_NAME)";
				SWIFT_EMIT_LOC_STRINGS = YES;
				SWIFT_VERSION = 5.0;
				TARGETED_DEVICE_FAMILY = "1,2";
			};
			name = Release;
		};
		4E2DA7F62DAC65EE007A6024 /* Debug */ = {
			isa = XCBuildConfiguration;
			buildSettings = {
				BUNDLE_LOADER = "$(TEST_HOST)";
				CODE_SIGN_STYLE = Automatic;
				CURRENT_PROJECT_VERSION = 1;
				DEVELOPMENT_TEAM = 6R789KR4Q2;
				GENERATE_INFOPLIST_FILE = YES;
				IPHONEOS_DEPLOYMENT_TARGET = 18.0;
				MARKETING_VERSION = 1.0;
				PRODUCT_BUNDLE_IDENTIFIER = LineCam.LineCamTests;
				PRODUCT_NAME = "$(TARGET_NAME)";
				SWIFT_EMIT_LOC_STRINGS = NO;
				SWIFT_VERSION = 5.0;
				TARGETED_DEVICE_FAMILY = "1,2";
				TEST_HOST = "$(BUILT_PRODUCTS_DIR)/LineCam.app/$(BUNDLE_EXECUTABLE_FOLDER_PATH)/LineCam";
			};
			name = Debug;
		};
		4E2DA7F72DAC65EE007A6024 /* Release */ = {
			isa = XCBuildConfiguration;
			buildSettings = {
				BUNDLE_LOADER = "$(TEST_HOST)";
				CODE_SIGN_STYLE = Automatic;
				CURRENT_PROJECT_VERSION = 1;
				DEVELOPMENT_TEAM = 6R789KR4Q2;
				GENERATE_INFOPLIST_FILE = YES;
				IPHONEOS_DEPLOYMENT_TARGET = 18.0;
				MARKETING_VERSION = 1.0;
				PRODUCT_BUNDLE_IDENTIFIER = LineCam.LineCamTests;
				PRODUCT_NAME = "$(TARGET_NAME)";
				SWIFT_EMIT_LOC_STRINGS = NO;
				SWIFT_VERSION = 5.0;
				TARGETED_DEVICE_FAMILY = "1,2";
				TEST_HOST = "$(BUILT_PRODUCTS_DIR)/LineCam.app/$(BUNDLE_EXECUTABLE_FOLDER_PATH)/LineCam";
			};
			name = Release;
		};
		4E2DA7F92DAC65EE007A6024 /* Debug */ = {
			isa = XCBuildConfiguration;
			buildSettings = {
				CODE_SIGN_STYLE = Automatic;
				CURRENT_PROJECT_VERSION = 1;
				DEVELOPMENT_TEAM = 6R789KR4Q2;
				GENERATE_INFOPLIST_FILE = YES;
				MARKETING_VERSION = 1.0;
				PRODUCT_BUNDLE_IDENTIFIER = LineCam.LineCamUITests;
				PRODUCT_NAME = "$(TARGET_NAME)";
				SWIFT_EMIT_LOC_STRINGS = NO;
				SWIFT_VERSION = 5.0;
				TARGETED_DEVICE_FAMILY = "1,2";
				TEST_TARGET_NAME = LineCam;
			};
			name = Debug;
		};
		4E2DA7FA2DAC65EE007A6024 /* Release */ = {
			isa = XCBuildConfiguration;
			buildSettings = {
				CODE_SIGN_STYLE = Automatic;
				CURRENT_PROJECT_VERSION = 1;
				DEVELOPMENT_TEAM = 6R789KR4Q2;
				GENERATE_INFOPLIST_FILE = YES;
				MARKETING_VERSION = 1.0;
				PRODUCT_BUNDLE_IDENTIFIER = LineCam.LineCamUITests;
				PRODUCT_NAME = "$(TARGET_NAME)";
				SWIFT_EMIT_LOC_STRINGS = NO;
				SWIFT_VERSION = 5.0;
				TARGETED_DEVICE_FAMILY = "1,2";
				TEST_TARGET_NAME = LineCam;
			};
			name = Release;
		};
/* End XCBuildConfiguration section */

/* Begin XCConfigurationList section */
		4E2DA7C92DAC65EC007A6024 /* Build configuration list for PBXProject "LineCam" */ = {
			isa = XCConfigurationList;
			buildConfigurations = (
				4E2DA7F02DAC65EE007A6024 /* Debug */,
				4E2DA7F12DAC65EE007A6024 /* Release */,
			);
			defaultConfigurationIsVisible = 0;
			defaultConfigurationName = Release;
		};
		4E2DA7F22DAC65EE007A6024 /* Build configuration list for PBXNativeTarget "LineCam" */ = {
			isa = XCConfigurationList;
			buildConfigurations = (
				4E2DA7F32DAC65EE007A6024 /* Debug */,
				4E2DA7F42DAC65EE007A6024 /* Release */,
			);
			defaultConfigurationIsVisible = 0;
			defaultConfigurationName = Release;
		};
		4E2DA7F52DAC65EE007A6024 /* Build configuration list for PBXNativeTarget "LineCamTests" */ = {
			isa = XCConfigurationList;
			buildConfigurations = (
				4E2DA7F62DAC65EE007A6024 /* Debug */,
				4E2DA7F72DAC65EE007A6024 /* Release */,
			);
			defaultConfigurationIsVisible = 0;
			defaultConfigurationName = Release;
		};
		4E2DA7F82DAC65EE007A6024 /* Build configuration list for PBXNativeTarget "LineCamUITests" */ = {
			isa = XCConfigurationList;
			buildConfigurations = (
				4E2DA7F92DAC65EE007A6024 /* Debug */,
				4E2DA7FA2DAC65EE007A6024 /* Release */,
			);
			defaultConfigurationIsVisible = 0;
			defaultConfigurationName = Release;
		};
/* End XCConfigurationList section */
	};
	rootObject = 4E2DA7C62DAC65EC007A6024 /* Project object */;
}
